
Microsoft Visual Studio Solution File, Format Version 12.00
# Visual Studio 15
VisualStudioVersion = 15.0.27703.2035
MinimumVisualStudioVersion = 10.0.40219.1
Project("{FAE04EC0-301F-11D3-BF4B-00C04F79EFBC}") = "Domain", "Domain\Domain.csproj", "{1536FED9-E6DE-4DDF-A086-A103016AC7EB}"
EndProject
Project("{9A19103F-16F7-4668-BE54-9A1E7A4F7556}") = "GameComm", "GameComm\GameComm.csproj", "{BAD097D3-D35F-4B4C-82BF-C655DC96F411}"
EndProject
Project("{FAE04EC0-301F-11D3-BF4B-00C04F79EFBC}") = "GameServer", "GameServer\GameServer.csproj", "{26D478C0-E9C2-4E30-96AB-B9FC28737B64}"
EndProject
Project("{FAE04EC0-301F-11D3-BF4B-00C04F79EFBC}") = "GameClient", "GameClient\GameClient.csproj", "{226C7614-046C-4BA3-AD08-6A1ECDE1D0A9}"
EndProject
Global
	GlobalSection(SolutionConfigurationPlatforms) = preSolution
		Debug|Any CPU = Debug|Any CPU
		Release|Any CPU = Release|Any CPU
	EndGlobalSection
	GlobalSection(ProjectConfigurationPlatforms) = postSolution
		{1536FED9-E6DE-4DDF-A086-A103016AC7EB}.Debug|Any CPU.ActiveCfg = Debug|Any CPU
		{1536FED9-E6DE-4DDF-A086-A103016AC7EB}.Debug|Any CPU.Build.0 = Debug|Any CPU
		{1536FED9-E6DE-4DDF-A086-A103016AC7EB}.Release|Any CPU.ActiveCfg = Release|Any CPU
		{1536FED9-E6DE-4DDF-A086-A103016AC7EB}.Release|Any CPU.Build.0 = Release|Any CPU
		{BAD097D3-D35F-4B4C-82BF-C655DC96F411}.Debug|Any CPU.ActiveCfg = Debug|Any CPU
		{BAD097D3-D35F-4B4C-82BF-C655DC96F411}.Debug|Any CPU.Build.0 = Debug|Any CPU
		{BAD097D3-D35F-4B4C-82BF-C655DC96F411}.Release|Any CPU.ActiveCfg = Release|Any CPU
		{BAD097D3-D35F-4B4C-82BF-C655DC96F411}.Release|Any CPU.Build.0 = Release|Any CPU
		{26D478C0-E9C2-4E30-96AB-B9FC28737B64}.Debug|Any CPU.ActiveCfg = Debug|Any CPU
		{26D478C0-E9C2-4E30-96AB-B9FC28737B64}.Debug|Any CPU.Build.0 = Debug|Any CPU
		{26D478C0-E9C2-4E30-96AB-B9FC28737B64}.Release|Any CPU.ActiveCfg = Release|Any CPU
		{26D478C0-E9C2-4E30-96AB-B9FC28737B64}.Release|Any CPU.Build.0 = Release|Any CPU
		{226C7614-046C-4BA3-AD08-6A1ECDE1D0A9}.Debug|Any CPU.ActiveCfg = Debug|Any CPU
		{226C7614-046C-4BA3-AD08-6A1ECDE1D0A9}.Debug|Any CPU.Build.0 = Debug|Any CPU
		{226C7614-046C-4BA3-AD08-6A1ECDE1D0A9}.Release|Any CPU.ActiveCfg = Release|Any CPU
		{226C7614-046C-4BA3-AD08-6A1ECDE1D0A9}.Release|Any CPU.Build.0 = Release|Any CPU
	EndGlobalSection
	GlobalSection(SolutionProperties) = preSolution
		HideSolutionNode = FALSE
	EndGlobalSection
	GlobalSection(ExtensibilityGlobals) = postSolution
		SolutionGuid = {B850E4E0-35D0-4160-9093-AE9F9DA7EC48}
	EndGlobalSection
EndGlobal
